
Microsoft Visual Studio Solution File, Format Version 12.00
# Visual Studio Version 16
VisualStudioVersion = 16.0.29911.84
MinimumVisualStudioVersion = 10.0.40219.1
Project("{FAE04EC0-301F-11D3-BF4B-00C04F79EFBC}") = "GUI", "GUI\GUI.csproj", "{CA9E8E49-0588-40BF-8E38-81FEDC586FBD}"
EndProject
Project("{FAE04EC0-301F-11D3-BF4B-00C04F79EFBC}") = "BE", "BE\BE.csproj", "{533660D0-9A0A-4244-B467-CAEF0376AD40}"
EndProject
Project("{FAE04EC0-301F-11D3-BF4B-00C04F79EFBC}") = "DAL", "DAL\DAL.csproj", "{EB93F509-2730-4519-8D13-0ECDD9C7011C}"
EndProject
Project("{FAE04EC0-301F-11D3-BF4B-00C04F79EFBC}") = "BLL", "BLL\BLL.csproj", "{08C9647E-BCFE-4880-A12C-CB70C86950DB}"
EndProject
Project("{9A19103F-16F7-4668-BE54-9A1E7A4F7556}") = "Interfaces", "Interfaces\Interfaces.csproj", "{2DB22AD8-E1C6-4641-A884-E56B4BE226AE}"
EndProject
Project("{FAE04EC0-301F-11D3-BF4B-00C04F79EFBC}") = "Service", "Servicio\Service.csproj", "{E12E75CF-26B4-45E5-952D-178B0340B6CD}"
EndProject
Global
	GlobalSection(SolutionConfigurationPlatforms) = preSolution
		Debug|Any CPU = Debug|Any CPU
		Debug|ARM = Debug|ARM
		Debug|ARM64 = Debug|ARM64
		Debug|x64 = Debug|x64
		Debug|x86 = Debug|x86
		Release|Any CPU = Release|Any CPU
		Release|ARM = Release|ARM
		Release|ARM64 = Release|ARM64
		Release|x64 = Release|x64
		Release|x86 = Release|x86
	EndGlobalSection
	GlobalSection(ProjectConfigurationPlatforms) = postSolution
		{CA9E8E49-0588-40BF-8E38-81FEDC586FBD}.Debug|Any CPU.ActiveCfg = Debug|Any CPU
		{CA9E8E49-0588-40BF-8E38-81FEDC586FBD}.Debug|Any CPU.Build.0 = Debug|Any CPU
		{CA9E8E49-0588-40BF-8E38-81FEDC586FBD}.Debug|ARM.ActiveCfg = Debug|Any CPU
		{CA9E8E49-0588-40BF-8E38-81FEDC586FBD}.Debug|ARM.Build.0 = Debug|Any CPU
		{CA9E8E49-0588-40BF-8E38-81FEDC586FBD}.Debug|ARM64.ActiveCfg = Debug|Any CPU
		{CA9E8E49-0588-40BF-8E38-81FEDC586FBD}.Debug|ARM64.Build.0 = Debug|Any CPU
		{CA9E8E49-0588-40BF-8E38-81FEDC586FBD}.Debug|x64.ActiveCfg = Debug|Any CPU
		{CA9E8E49-0588-40BF-8E38-81FEDC586FBD}.Debug|x64.Build.0 = Debug|Any CPU
		{CA9E8E49-0588-40BF-8E38-81FEDC586FBD}.Debug|x86.ActiveCfg = Debug|Any CPU
		{CA9E8E49-0588-40BF-8E38-81FEDC586FBD}.Debug|x86.Build.0 = Debug|Any CPU
		{CA9E8E49-0588-40BF-8E38-81FEDC586FBD}.Release|Any CPU.ActiveCfg = Release|Any CPU
		{CA9E8E49-0588-40BF-8E38-81FEDC586FBD}.Release|Any CPU.Build.0 = Release|Any CPU
		{CA9E8E49-0588-40BF-8E38-81FEDC586FBD}.Release|ARM.ActiveCfg = Release|Any CPU
		{CA9E8E49-0588-40BF-8E38-81FEDC586FBD}.Release|ARM.Build.0 = Release|Any CPU
		{CA9E8E49-0588-40BF-8E38-81FEDC586FBD}.Release|ARM64.ActiveCfg = Release|Any CPU
		{CA9E8E49-0588-40BF-8E38-81FEDC586FBD}.Release|ARM64.Build.0 = Release|Any CPU
		{CA9E8E49-0588-40BF-8E38-81FEDC586FBD}.Release|x64.ActiveCfg = Release|Any CPU
		{CA9E8E49-0588-40BF-8E38-81FEDC586FBD}.Release|x64.Build.0 = Release|Any CPU
		{CA9E8E49-0588-40BF-8E38-81FEDC586FBD}.Release|x86.ActiveCfg = Release|Any CPU
		{CA9E8E49-0588-40BF-8E38-81FEDC586FBD}.Release|x86.Build.0 = Release|Any CPU
		{533660D0-9A0A-4244-B467-CAEF0376AD40}.Debug|Any CPU.ActiveCfg = Debug|Any CPU
		{533660D0-9A0A-4244-B467-CAEF0376AD40}.Debug|Any CPU.Build.0 = Debug|Any CPU
		{533660D0-9A0A-4244-B467-CAEF0376AD40}.Debug|ARM.ActiveCfg = Debug|Any CPU
		{533660D0-9A0A-4244-B467-CAEF0376AD40}.Debug|ARM.Build.0 = Debug|Any CPU
		{533660D0-9A0A-4244-B467-CAEF0376AD40}.Debug|ARM64.ActiveCfg = Debug|Any CPU
		{533660D0-9A0A-4244-B467-CAEF0376AD40}.Debug|ARM64.Build.0 = Debug|Any CPU
		{533660D0-9A0A-4244-B467-CAEF0376AD40}.Debug|x64.ActiveCfg = Debug|Any CPU
		{533660D0-9A0A-4244-B467-CAEF0376AD40}.Debug|x64.Build.0 = Debug|Any CPU
		{533660D0-9A0A-4244-B467-CAEF0376AD40}.Debug|x86.ActiveCfg = Debug|Any CPU
		{533660D0-9A0A-4244-B467-CAEF0376AD40}.Debug|x86.Build.0 = Debug|Any CPU
		{533660D0-9A0A-4244-B467-CAEF0376AD40}.Release|Any CPU.ActiveCfg = Release|Any CPU
		{533660D0-9A0A-4244-B467-CAEF0376AD40}.Release|Any CPU.Build.0 = Release|Any CPU
		{533660D0-9A0A-4244-B467-CAEF0376AD40}.Release|ARM.ActiveCfg = Release|Any CPU
		{533660D0-9A0A-4244-B467-CAEF0376AD40}.Release|ARM.Build.0 = Release|Any CPU
		{533660D0-9A0A-4244-B467-CAEF0376AD40}.Release|ARM64.ActiveCfg = Release|Any CPU
		{533660D0-9A0A-4244-B467-CAEF0376AD40}.Release|ARM64.Build.0 = Release|Any CPU
		{533660D0-9A0A-4244-B467-CAEF0376AD40}.Release|x64.ActiveCfg = Release|Any CPU
		{533660D0-9A0A-4244-B467-CAEF0376AD40}.Release|x64.Build.0 = Release|Any CPU
		{533660D0-9A0A-4244-B467-CAEF0376AD40}.Release|x86.ActiveCfg = Release|Any CPU
		{533660D0-9A0A-4244-B467-CAEF0376AD40}.Release|x86.Build.0 = Release|Any CPU
		{EB93F509-2730-4519-8D13-0ECDD9C7011C}.Debug|Any CPU.ActiveCfg = Debug|Any CPU
		{EB93F509-2730-4519-8D13-0ECDD9C7011C}.Debug|Any CPU.Build.0 = Debug|Any CPU
		{EB93F509-2730-4519-8D13-0ECDD9C7011C}.Debug|ARM.ActiveCfg = Debug|Any CPU
		{EB93F509-2730-4519-8D13-0ECDD9C7011C}.Debug|ARM.Build.0 = Debug|Any CPU
		{EB93F509-2730-4519-8D13-0ECDD9C7011C}.Debug|ARM64.ActiveCfg = Debug|Any CPU
		{EB93F509-2730-4519-8D13-0ECDD9C7011C}.Debug|ARM64.Build.0 = Debug|Any CPU
		{EB93F509-2730-4519-8D13-0ECDD9C7011C}.Debug|x64.ActiveCfg = Debug|Any CPU
		{EB93F509-2730-4519-8D13-0ECDD9C7011C}.Debug|x64.Build.0 = Debug|Any CPU
		{EB93F509-2730-4519-8D13-0ECDD9C7011C}.Debug|x86.ActiveCfg = Debug|Any CPU
		{EB93F509-2730-4519-8D13-0ECDD9C7011C}.Debug|x86.Build.0 = Debug|Any CPU
		{EB93F509-2730-4519-8D13-0ECDD9C7011C}.Release|Any CPU.ActiveCfg = Release|Any CPU
		{EB93F509-2730-4519-8D13-0ECDD9C7011C}.Release|Any CPU.Build.0 = Release|Any CPU
		{EB93F509-2730-4519-8D13-0ECDD9C7011C}.Release|ARM.ActiveCfg = Release|Any CPU
		{EB93F509-2730-4519-8D13-0ECDD9C7011C}.Release|ARM.Build.0 = Release|Any CPU
		{EB93F509-2730-4519-8D13-0ECDD9C7011C}.Release|ARM64.ActiveCfg = Release|Any CPU
		{EB93F509-2730-4519-8D13-0ECDD9C7011C}.Release|ARM64.Build.0 = Release|Any CPU
		{EB93F509-2730-4519-8D13-0ECDD9C7011C}.Release|x64.ActiveCfg = Release|Any CPU
		{EB93F509-2730-4519-8D13-0ECDD9C7011C}.Release|x64.Build.0 = Release|Any CPU
		{EB93F509-2730-4519-8D13-0ECDD9C7011C}.Release|x86.ActiveCfg = Release|Any CPU
		{EB93F509-2730-4519-8D13-0ECDD9C7011C}.Release|x86.Build.0 = Release|Any CPU
		{08C9647E-BCFE-4880-A12C-CB70C86950DB}.Debug|Any CPU.ActiveCfg = Debug|Any CPU
		{08C9647E-BCFE-4880-A12C-CB70C86950DB}.Debug|Any CPU.Build.0 = Debug|Any CPU
		{08C9647E-BCFE-4880-A12C-CB70C86950DB}.Debug|ARM.ActiveCfg = Debug|Any CPU
		{08C9647E-BCFE-4880-A12C-CB70C86950DB}.Debug|ARM.Build.0 = Debug|Any CPU
		{08C9647E-BCFE-4880-A12C-CB70C86950DB}.Debug|ARM64.ActiveCfg = Debug|Any CPU
		{08C9647E-BCFE-4880-A12C-CB70C86950DB}.Debug|ARM64.Build.0 = Debug|Any CPU
		{08C9647E-BCFE-4880-A12C-CB70C86950DB}.Debug|x64.ActiveCfg = Debug|Any CPU
		{08C9647E-BCFE-4880-A12C-CB70C86950DB}.Debug|x64.Build.0 = Debug|Any CPU
		{08C9647E-BCFE-4880-A12C-CB70C86950DB}.Debug|x86.ActiveCfg = Debug|Any CPU
		{08C9647E-BCFE-4880-A12C-CB70C86950DB}.Debug|x86.Build.0 = Debug|Any CPU
		{08C9647E-BCFE-4880-A12C-CB70C86950DB}.Release|Any CPU.ActiveCfg = Release|Any CPU
		{08C9647E-BCFE-4880-A12C-CB70C86950DB}.Release|Any CPU.Build.0 = Release|Any CPU
		{08C9647E-BCFE-4880-A12C-CB70C86950DB}.Release|ARM.ActiveCfg = Release|Any CPU
		{08C9647E-BCFE-4880-A12C-CB70C86950DB}.Release|ARM.Build.0 = Release|Any CPU
		{08C9647E-BCFE-4880-A12C-CB70C86950DB}.Release|ARM64.ActiveCfg = Release|Any CPU
		{08C9647E-BCFE-4880-A12C-CB70C86950DB}.Release|ARM64.Build.0 = Release|Any CPU
		{08C9647E-BCFE-4880-A12C-CB70C86950DB}.Release|x64.ActiveCfg = Release|Any CPU
		{08C9647E-BCFE-4880-A12C-CB70C86950DB}.Release|x64.Build.0 = Release|Any CPU
		{08C9647E-BCFE-4880-A12C-CB70C86950DB}.Release|x86.ActiveCfg = Release|Any CPU
		{08C9647E-BCFE-4880-A12C-CB70C86950DB}.Release|x86.Build.0 = Release|Any CPU
		{2DB22AD8-E1C6-4641-A884-E56B4BE226AE}.Debug|Any CPU.ActiveCfg = Debug|Any CPU
		{2DB22AD8-E1C6-4641-A884-E56B4BE226AE}.Debug|Any CPU.Build.0 = Debug|Any CPU
		{2DB22AD8-E1C6-4641-A884-E56B4BE226AE}.Debug|ARM.ActiveCfg = Debug|Any CPU
		{2DB22AD8-E1C6-4641-A884-E56B4BE226AE}.Debug|ARM.Build.0 = Debug|Any CPU
		{2DB22AD8-E1C6-4641-A884-E56B4BE226AE}.Debug|ARM64.ActiveCfg = Debug|Any CPU
		{2DB22AD8-E1C6-4641-A884-E56B4BE226AE}.Debug|ARM64.Build.0 = Debug|Any CPU
		{2DB22AD8-E1C6-4641-A884-E56B4BE226AE}.Debug|x64.ActiveCfg = Debug|Any CPU
		{2DB22AD8-E1C6-4641-A884-E56B4BE226AE}.Debug|x64.Build.0 = Debug|Any CPU
		{2DB22AD8-E1C6-4641-A884-E56B4BE226AE}.Debug|x86.ActiveCfg = Debug|Any CPU
		{2DB22AD8-E1C6-4641-A884-E56B4BE226AE}.Debug|x86.Build.0 = Debug|Any CPU
		{2DB22AD8-E1C6-4641-A884-E56B4BE226AE}.Release|Any CPU.ActiveCfg = Release|Any CPU
		{2DB22AD8-E1C6-4641-A884-E56B4BE226AE}.Release|Any CPU.Build.0 = Release|Any CPU
		{2DB22AD8-E1C6-4641-A884-E56B4BE226AE}.Release|ARM.ActiveCfg = Release|Any CPU
		{2DB22AD8-E1C6-4641-A884-E56B4BE226AE}.Release|ARM.Build.0 = Release|Any CPU
		{2DB22AD8-E1C6-4641-A884-E56B4BE226AE}.Release|ARM64.ActiveCfg = Release|Any CPU
		{2DB22AD8-E1C6-4641-A884-E56B4BE226AE}.Release|ARM64.Build.0 = Release|Any CPU
		{2DB22AD8-E1C6-4641-A884-E56B4BE226AE}.Release|x64.ActiveCfg = Release|Any CPU
		{2DB22AD8-E1C6-4641-A884-E56B4BE226AE}.Release|x64.Build.0 = Release|Any CPU
		{2DB22AD8-E1C6-4641-A884-E56B4BE226AE}.Release|x86.ActiveCfg = Release|Any CPU
		{2DB22AD8-E1C6-4641-A884-E56B4BE226AE}.Release|x86.Build.0 = Release|Any CPU
		{E12E75CF-26B4-45E5-952D-178B0340B6CD}.Debug|Any CPU.ActiveCfg = Debug|Any CPU
		{E12E75CF-26B4-45E5-952D-178B0340B6CD}.Debug|Any CPU.Build.0 = Debug|Any CPU
		{E12E75CF-26B4-45E5-952D-178B0340B6CD}.Debug|ARM.ActiveCfg = Debug|Any CPU
		{E12E75CF-26B4-45E5-952D-178B0340B6CD}.Debug|ARM.Build.0 = Debug|Any CPU
		{E12E75CF-26B4-45E5-952D-178B0340B6CD}.Debug|ARM64.ActiveCfg = Debug|Any CPU
		{E12E75CF-26B4-45E5-952D-178B0340B6CD}.Debug|ARM64.Build.0 = Debug|Any CPU
		{E12E75CF-26B4-45E5-952D-178B0340B6CD}.Debug|x64.ActiveCfg = Debug|Any CPU
		{E12E75CF-26B4-45E5-952D-178B0340B6CD}.Debug|x64.Build.0 = Debug|Any CPU
		{E12E75CF-26B4-45E5-952D-178B0340B6CD}.Debug|x86.ActiveCfg = Debug|Any CPU
		{E12E75CF-26B4-45E5-952D-178B0340B6CD}.Debug|x86.Build.0 = Debug|Any CPU
		{E12E75CF-26B4-45E5-952D-178B0340B6CD}.Release|Any CPU.ActiveCfg = Release|Any CPU
		{E12E75CF-26B4-45E5-952D-178B0340B6CD}.Release|Any CPU.Build.0 = Release|Any CPU
		{E12E75CF-26B4-45E5-952D-178B0340B6CD}.Release|ARM.ActiveCfg = Release|Any CPU
		{E12E75CF-26B4-45E5-952D-178B0340B6CD}.Release|ARM.Build.0 = Release|Any CPU
		{E12E75CF-26B4-45E5-952D-178B0340B6CD}.Release|ARM64.ActiveCfg = Release|Any CPU
		{E12E75CF-26B4-45E5-952D-178B0340B6CD}.Release|ARM64.Build.0 = Release|Any CPU
		{E12E75CF-26B4-45E5-952D-178B0340B6CD}.Release|x64.ActiveCfg = Release|Any CPU
		{E12E75CF-26B4-45E5-952D-178B0340B6CD}.Release|x64.Build.0 = Release|Any CPU
		{E12E75CF-26B4-45E5-952D-178B0340B6CD}.Release|x86.ActiveCfg = Release|Any CPU
		{E12E75CF-26B4-45E5-952D-178B0340B6CD}.Release|x86.Build.0 = Release|Any CPU
	EndGlobalSection
	GlobalSection(SolutionProperties) = preSolution
		HideSolutionNode = FALSE
	EndGlobalSection
	GlobalSection(ExtensibilityGlobals) = postSolution
		SolutionGuid = {3C6BE445-9C93-490A-AFA8-03610BAAE5A6}
	EndGlobalSection
EndGlobal
